
Microsoft Visual Studio Solution File, Format Version 12.00
# Visual Studio 15
VisualStudioVersion = 15.0.28307.421
MinimumVisualStudioVersion = 10.0.40219.1
Project("{FAE04EC0-301F-11D3-BF4B-00C04F79EFBC}") = "ConsoleApp1", "ConsoleApp1\ConsoleApp1.csproj", "{4EB628B4-D85C-4673-BCF8-7852F733E4FC}"
EndProject
Global
	GlobalSection(SolutionConfigurationPlatforms) = preSolution
		Debug|Any CPU = Debug|Any CPU
		Release|Any CPU = Release|Any CPU
	EndGlobalSection
	GlobalSection(ProjectConfigurationPlatforms) = postSolution
		{4EB628B4-D85C-4673-BCF8-7852F733E4FC}.Debug|Any CPU.ActiveCfg = Debug|Any CPU
		{4EB628B4-D85C-4673-BCF8-7852F733E4FC}.Debug|Any CPU.Build.0 = Debug|Any CPU
		{4EB628B4-D85C-4673-BCF8-7852F733E4FC}.Release|Any CPU.ActiveCfg = Release|Any CPU
		{4EB628B4-D85C-4673-BCF8-7852F733E4FC}.Release|Any CPU.Build.0 = Release|Any CPU
	EndGlobalSection
	GlobalSection(SolutionProperties) = preSolution
		HideSolutionNode = FALSE
	EndGlobalSection
	GlobalSection(ExtensibilityGlobals) = postSolution
		SolutionGuid = {5AF90C53-8D7E-4C96-B03F-2644F3E1882B}
	EndGlobalSection
EndGlobal
